
Microsoft Visual Studio Solution File, Format Version 12.00
# Visual Studio 14
VisualStudioVersion = 14.0.25420.1
MinimumVisualStudioVersion = 10.0.40219.1
Project("{FAE04EC0-301F-11D3-BF4B-00C04F79EFBC}") = "XCode", "XCode\XCode.csproj", "{F4D8378D-5D7D-45FE-8AA4-D7377EBB08BB}"
EndProject
Project("{FAE04EC0-301F-11D3-BF4B-00C04F79EFBC}") = "XCode.Infrastructure", "XCode.Infrastructure\XCode.Infrastructure.csproj", "{A42E621E-1E3E-4554-B8D3-64092928DC8A}"
EndProject
Project("{FAE04EC0-301F-11D3-BF4B-00C04F79EFBC}") = "XCode.Domain", "XCode.Domain\XCode.Domain.csproj", "{B491BDA6-F338-4F79-A1A9-B3C1626826C3}"
EndProject
Project("{FAE04EC0-301F-11D3-BF4B-00C04F79EFBC}") = "XCode.Repositories", "XCode.Repositories\XCode.Repositories.csproj", "{86029955-25A0-4D6E-9EE1-897ABE7DBCED}"
EndProject
Project("{2150E333-8FDC-42A3-9474-1A3956D46DE8}") = "6_Test", "6_Test", "{5855356D-EBE1-40B9-B225-1AFA0CD3DC91}"
EndProject
Project("{FAE04EC0-301F-11D3-BF4B-00C04F79EFBC}") = "XCode.ConsoleApp.Test", "XCode.ConsoleApp.Test\XCode.ConsoleApp.Test.csproj", "{548C5955-6669-4BA0-BE9E-B4807BC33C75}"
EndProject
Project("{2150E333-8FDC-42A3-9474-1A3956D46DE8}") = "1_UI", "1_UI", "{DA9934F8-355A-417F-B6A2-1DE84C22E611}"
EndProject
Project("{2150E333-8FDC-42A3-9474-1A3956D46DE8}") = "2_Application", "2_Application", "{485BADDA-D991-457A-8D8B-ABA78672BCAE}"
EndProject
Project("{2150E333-8FDC-42A3-9474-1A3956D46DE8}") = "3_Domain", "3_Domain", "{DDADEE50-DEEA-41D3-96B6-0C45A7857E2C}"
EndProject
Project("{2150E333-8FDC-42A3-9474-1A3956D46DE8}") = "4_Infrastructure", "4_Infrastructure", "{13B19A9C-23D8-4E57-B6B1-927BE89B316D}"
EndProject
Project("{FAE04EC0-301F-11D3-BF4B-00C04F79EFBC}") = "XCode.Repositories.Test", "XCode.Repositories.Test\XCode.Repositories.Test.csproj", "{1459F4DE-925A-454E-94BC-1F3FB6083229}"
EndProject
Project("{FAE04EC0-301F-11D3-BF4B-00C04F79EFBC}") = "XCode.Application", "XCode.Application\XCode.Application.csproj", "{99164CF2-DEFC-4838-8EB2-2AAC02E7C1DF}"
EndProject
Project("{FAE04EC0-301F-11D3-BF4B-00C04F79EFBC}") = "XCode.DTO", "XCode.DTO\XCode.DTO.csproj", "{F6B2E4A5-A9A4-48B8-9C24-47A545182328}"
EndProject
Project("{FAE04EC0-301F-11D3-BF4B-00C04F79EFBC}") = "XCode.Application.Test", "XCode.Application.Test\XCode.Application.Test.csproj", "{B2C7996F-22AA-4860-BF51-7D76B65B70FA}"
EndProject
Project("{FAE04EC0-301F-11D3-BF4B-00C04F79EFBC}") = "XCode.WebApi", "XCode.WebApi\XCode.WebApi.csproj", "{E5689A6F-DB03-4AC0-BAA2-E42DE6091D8F}"
EndProject
Project("{FAE04EC0-301F-11D3-BF4B-00C04F79EFBC}") = "XCode.WebApi.Tests", "XCode.WebApi.Tests\XCode.WebApi.Tests.csproj", "{89670A7D-8523-4E5E-A6A5-D3C8D91BB18A}"
EndProject
Global
	GlobalSection(SolutionConfigurationPlatforms) = preSolution
		Debug|Any CPU = Debug|Any CPU
		Release|Any CPU = Release|Any CPU
	EndGlobalSection
	GlobalSection(ProjectConfigurationPlatforms) = postSolution
		{F4D8378D-5D7D-45FE-8AA4-D7377EBB08BB}.Debug|Any CPU.ActiveCfg = Debug|Any CPU
		{F4D8378D-5D7D-45FE-8AA4-D7377EBB08BB}.Debug|Any CPU.Build.0 = Debug|Any CPU
		{F4D8378D-5D7D-45FE-8AA4-D7377EBB08BB}.Release|Any CPU.ActiveCfg = Release|Any CPU
		{F4D8378D-5D7D-45FE-8AA4-D7377EBB08BB}.Release|Any CPU.Build.0 = Release|Any CPU
		{A42E621E-1E3E-4554-B8D3-64092928DC8A}.Debug|Any CPU.ActiveCfg = Debug|Any CPU
		{A42E621E-1E3E-4554-B8D3-64092928DC8A}.Debug|Any CPU.Build.0 = Debug|Any CPU
		{A42E621E-1E3E-4554-B8D3-64092928DC8A}.Release|Any CPU.ActiveCfg = Release|Any CPU
		{A42E621E-1E3E-4554-B8D3-64092928DC8A}.Release|Any CPU.Build.0 = Release|Any CPU
		{B491BDA6-F338-4F79-A1A9-B3C1626826C3}.Debug|Any CPU.ActiveCfg = Debug|Any CPU
		{B491BDA6-F338-4F79-A1A9-B3C1626826C3}.Debug|Any CPU.Build.0 = Debug|Any CPU
		{B491BDA6-F338-4F79-A1A9-B3C1626826C3}.Release|Any CPU.ActiveCfg = Release|Any CPU
		{B491BDA6-F338-4F79-A1A9-B3C1626826C3}.Release|Any CPU.Build.0 = Release|Any CPU
		{86029955-25A0-4D6E-9EE1-897ABE7DBCED}.Debug|Any CPU.ActiveCfg = Debug|Any CPU
		{86029955-25A0-4D6E-9EE1-897ABE7DBCED}.Debug|Any CPU.Build.0 = Debug|Any CPU
		{86029955-25A0-4D6E-9EE1-897ABE7DBCED}.Release|Any CPU.ActiveCfg = Release|Any CPU
		{86029955-25A0-4D6E-9EE1-897ABE7DBCED}.Release|Any CPU.Build.0 = Release|Any CPU
		{548C5955-6669-4BA0-BE9E-B4807BC33C75}.Debug|Any CPU.ActiveCfg = Debug|Any CPU
		{548C5955-6669-4BA0-BE9E-B4807BC33C75}.Debug|Any CPU.Build.0 = Debug|Any CPU
		{548C5955-6669-4BA0-BE9E-B4807BC33C75}.Release|Any CPU.ActiveCfg = Release|Any CPU
		{548C5955-6669-4BA0-BE9E-B4807BC33C75}.Release|Any CPU.Build.0 = Release|Any CPU
		{1459F4DE-925A-454E-94BC-1F3FB6083229}.Debug|Any CPU.ActiveCfg = Debug|Any CPU
		{1459F4DE-925A-454E-94BC-1F3FB6083229}.Debug|Any CPU.Build.0 = Debug|Any CPU
		{1459F4DE-925A-454E-94BC-1F3FB6083229}.Release|Any CPU.ActiveCfg = Release|Any CPU
		{1459F4DE-925A-454E-94BC-1F3FB6083229}.Release|Any CPU.Build.0 = Release|Any CPU
		{99164CF2-DEFC-4838-8EB2-2AAC02E7C1DF}.Debug|Any CPU.ActiveCfg = Debug|Any CPU
		{99164CF2-DEFC-4838-8EB2-2AAC02E7C1DF}.Debug|Any CPU.Build.0 = Debug|Any CPU
		{99164CF2-DEFC-4838-8EB2-2AAC02E7C1DF}.Release|Any CPU.ActiveCfg = Release|Any CPU
		{99164CF2-DEFC-4838-8EB2-2AAC02E7C1DF}.Release|Any CPU.Build.0 = Release|Any CPU
		{F6B2E4A5-A9A4-48B8-9C24-47A545182328}.Debug|Any CPU.ActiveCfg = Debug|Any CPU
		{F6B2E4A5-A9A4-48B8-9C24-47A545182328}.Debug|Any CPU.Build.0 = Debug|Any CPU
		{F6B2E4A5-A9A4-48B8-9C24-47A545182328}.Release|Any CPU.ActiveCfg = Release|Any CPU
		{F6B2E4A5-A9A4-48B8-9C24-47A545182328}.Release|Any CPU.Build.0 = Release|Any CPU
		{B2C7996F-22AA-4860-BF51-7D76B65B70FA}.Debug|Any CPU.ActiveCfg = Debug|Any CPU
		{B2C7996F-22AA-4860-BF51-7D76B65B70FA}.Debug|Any CPU.Build.0 = Debug|Any CPU
		{B2C7996F-22AA-4860-BF51-7D76B65B70FA}.Release|Any CPU.ActiveCfg = Release|Any CPU
		{B2C7996F-22AA-4860-BF51-7D76B65B70FA}.Release|Any CPU.Build.0 = Release|Any CPU
		{E5689A6F-DB03-4AC0-BAA2-E42DE6091D8F}.Debug|Any CPU.ActiveCfg = Debug|Any CPU
		{E5689A6F-DB03-4AC0-BAA2-E42DE6091D8F}.Debug|Any CPU.Build.0 = Debug|Any CPU
		{E5689A6F-DB03-4AC0-BAA2-E42DE6091D8F}.Release|Any CPU.ActiveCfg = Release|Any CPU
		{E5689A6F-DB03-4AC0-BAA2-E42DE6091D8F}.Release|Any CPU.Build.0 = Release|Any CPU
		{89670A7D-8523-4E5E-A6A5-D3C8D91BB18A}.Debug|Any CPU.ActiveCfg = Debug|Any CPU
		{89670A7D-8523-4E5E-A6A5-D3C8D91BB18A}.Debug|Any CPU.Build.0 = Debug|Any CPU
		{89670A7D-8523-4E5E-A6A5-D3C8D91BB18A}.Release|Any CPU.ActiveCfg = Release|Any CPU
		{89670A7D-8523-4E5E-A6A5-D3C8D91BB18A}.Release|Any CPU.Build.0 = Release|Any CPU
	EndGlobalSection
	GlobalSection(SolutionProperties) = preSolution
		HideSolutionNode = FALSE
	EndGlobalSection
	GlobalSection(NestedProjects) = preSolution
		{A42E621E-1E3E-4554-B8D3-64092928DC8A} = {13B19A9C-23D8-4E57-B6B1-927BE89B316D}
		{B491BDA6-F338-4F79-A1A9-B3C1626826C3} = {DDADEE50-DEEA-41D3-96B6-0C45A7857E2C}
		{86029955-25A0-4D6E-9EE1-897ABE7DBCED} = {DDADEE50-DEEA-41D3-96B6-0C45A7857E2C}
		{548C5955-6669-4BA0-BE9E-B4807BC33C75} = {5855356D-EBE1-40B9-B225-1AFA0CD3DC91}
		{1459F4DE-925A-454E-94BC-1F3FB6083229} = {5855356D-EBE1-40B9-B225-1AFA0CD3DC91}
		{99164CF2-DEFC-4838-8EB2-2AAC02E7C1DF} = {485BADDA-D991-457A-8D8B-ABA78672BCAE}
		{F6B2E4A5-A9A4-48B8-9C24-47A545182328} = {485BADDA-D991-457A-8D8B-ABA78672BCAE}
		{B2C7996F-22AA-4860-BF51-7D76B65B70FA} = {5855356D-EBE1-40B9-B225-1AFA0CD3DC91}
		{E5689A6F-DB03-4AC0-BAA2-E42DE6091D8F} = {485BADDA-D991-457A-8D8B-ABA78672BCAE}
		{89670A7D-8523-4E5E-A6A5-D3C8D91BB18A} = {5855356D-EBE1-40B9-B225-1AFA0CD3DC91}
	EndGlobalSection
EndGlobal
